# THIS IS AN AUTOGENERATED FILE. DO NOT EDIT THIS FILE DIRECTLY.
# yarn lockfile v1
# bun ./bun.lockb --hash: 690D22B6097E5968-dfc0c5f8f77a87d3-A4223672C2BB424E-3e7477556712cd03


"@scarf/scarf@^1.3.0":
  version "1.4.0"
  resolved "https://nexus.automizely.org/repository/npm-group/@scarf/scarf/-/scarf-1.4.0.tgz"
  integrity sha512-xxeapPiUXdZAE3che6f3xogoJPeZgig6omHEy1rIY5WVsB3H2BHNnZH+gHG6x91SCWyQCzWGsuL2Hh3ClO5/qQ==

"@tailcallhq/core-darwin-arm64@v0.131.0":
  version "0.131.0"
  resolved "https://nexus.automizely.org/repository/npm-group/@tailcallhq/core-darwin-arm64/-/core-darwin-arm64-0.131.0.tgz"
  integrity sha512-8hsSfdhhUqsDcmooPf0kEpvJ6/i1Q+j9I2mZUKh2CcB8vQmL3VwbBHAH68KP5zHgA5/byvodMOLDN24HON/jXA==

"@tailcallhq/core-darwin-x64@v0.131.0":
  version "0.131.0"
  resolved "https://nexus.automizely.org/repository/npm-group/@tailcallhq/core-darwin-x64/-/core-darwin-x64-0.131.0.tgz"
  integrity sha512-q9dFNUsTbCh6hn5C3v6FF1+nkvognA4rZAd7YdVsOMNbOGbzLqtjq2iehKMocwgrAHIn6MjZuOjb5yWTp2+Yeg==

"@tailcallhq/core-linux-arm64-gnu@v0.131.0":
  version "0.131.0"
  resolved "https://nexus.automizely.org/repository/npm-group/@tailcallhq/core-linux-arm64-gnu/-/core-linux-arm64-gnu-0.131.0.tgz"
  integrity sha512-2BoEXoNw30Z72jaf1ozfUKKG+RG+03BNKAzTJKoF+cLJqygCxKh5617DL2D42I25FQqJh/1856raTa+oiRcySw==

"@tailcallhq/core-linux-arm64-musl@v0.131.0":
  version "0.131.0"
  resolved "https://nexus.automizely.org/repository/npm-group/@tailcallhq/core-linux-arm64-musl/-/core-linux-arm64-musl-0.131.0.tgz"
  integrity sha512-0jm6V8cBLF6t2nMPOELvvtDY8fg6CTMNGmWvmv81ITmqRv3f8P21udLBC3jT2QnkZet+zsMmc9mrhvmGShenzA==

"@tailcallhq/core-linux-ia32-gnu@v0.131.0":
  version "0.131.0"
  resolved "https://nexus.automizely.org/repository/npm-group/@tailcallhq/core-linux-ia32-gnu/-/core-linux-ia32-gnu-0.131.0.tgz"
  integrity sha512-oXFESfYHfdGfIZDtItrgzcAm+5komGajIlyqEAg2XBlzUsgtmmkQWMDZM3Y9YvShtTTM98uvB4oiYfFMS8IfnA==

"@tailcallhq/core-linux-x64-gnu@v0.131.0":
  version "0.131.0"
  resolved "https://nexus.automizely.org/repository/npm-group/@tailcallhq/core-linux-x64-gnu/-/core-linux-x64-gnu-0.131.0.tgz"
  integrity sha512-PmmgE/UOEtaq2KCpEqsFaGAwStkjRQMCN45/Y5zzfnnuRVkEJGFLS0CJkVkSE/9YJiQWIDGoLUbpd7xitSzoaQ==

"@tailcallhq/core-linux-x64-musl@v0.131.0":
  version "0.131.0"
  resolved "https://nexus.automizely.org/repository/npm-group/@tailcallhq/core-linux-x64-musl/-/core-linux-x64-musl-0.131.0.tgz"
  integrity sha512-RhqMmPbbPcq4d3KRggOOa/vCif5pGNm7zM4L6LnE8pFnbJCCMbsq/UcCDZYdG9lPbWZ06gLyvLZtcuZW9/Easg==

"@tailcallhq/core-win32-arm64-msvc@v0.131.0":
  version "0.131.0"
  resolved "https://nexus.automizely.org/repository/npm-group/@tailcallhq/core-win32-arm64-msvc/-/core-win32-arm64-msvc-0.131.0.tgz"
  integrity sha512-2gzwQz2XFh2n/lFJbWfxpH7RKT9oZuuR1mnHoaHRlPCzXe/yciy2XyMfmzMFp7X+WkZPf8F1DXfF2Eluz08rQg==

"@tailcallhq/core-win32-ia32-msvc@v0.131.0":
  version "0.131.0"
  resolved "https://nexus.automizely.org/repository/npm-group/@tailcallhq/core-win32-ia32-msvc/-/core-win32-ia32-msvc-0.131.0.tgz"
  integrity sha512-9Y1k5kRSzbyf8jNsepUf0AYvdi942rnl5ipt1y74uJBhyqWjI4Ux1TcoZAuuIjWf0NqIDloSpw3Pnp9avouA8g==

"@tailcallhq/core-win32-x64-msvc@v0.131.0":
  version "0.131.0"
  resolved "https://nexus.automizely.org/repository/npm-group/@tailcallhq/core-win32-x64-msvc/-/core-win32-x64-msvc-0.131.0.tgz"
  integrity sha512-kukL1PriBHLtIxk079xH48uC4ZvFYoVST6TmyMipHfMnlGAYY7e/UOEiC/6nddDih9l01llQDLVpQ++8m0LunQ==

"@tailcallhq/tailcall@^0.131.0":
  version "0.131.0"
  resolved "https://nexus.automizely.org/repository/npm-group/@tailcallhq/tailcall/-/tailcall-0.131.0.tgz"
  integrity sha512-kOE3b9rxwdcfEN7ljwJQlS0FKjeZMZaIMTB5AgCm8VuSrbTdw1jEh8XXpk58HC45/Mc9U5hoOhElGZj1iUq28A==
  dependencies:
    detect-libc "^2.0.2"
    "@scarf/scarf" "^1.3.0"
  optionalDependencies:
    "@tailcallhq/core-linux-x64-gnu" "v0.131.0"
    "@tailcallhq/core-linux-x64-musl" "v0.131.0"
    "@tailcallhq/core-linux-arm64-gnu" "v0.131.0"
    "@tailcallhq/core-linux-arm64-musl" "v0.131.0"
    "@tailcallhq/core-linux-ia32-gnu" "v0.131.0"
    "@tailcallhq/core-darwin-arm64" "v0.131.0"
    "@tailcallhq/core-darwin-x64" "v0.131.0"
    "@tailcallhq/core-win32-x64-msvc" "v0.131.0"
    "@tailcallhq/core-win32-arm64-msvc" "v0.131.0"
    "@tailcallhq/core-win32-ia32-msvc" "v0.131.0"

detect-libc@^2.0.2:
  version "2.0.3"
  resolved "https://nexus.automizely.org/repository/npm-group/detect-libc/-/detect-libc-2.0.3.tgz"
  integrity sha512-bwy0MGW55bG41VqxxypOsdSdGqLwXPI/focwgTYCFMbdUiBAxLg9CFzG08sz2aqzknwiX7Hkl0bQENjg8iLByw==
